// !$*UTF8*$!
{
	archiveVersion = 1;
	classes = {
	};
	objectVersion = 46;
	objects = {

/* Begin PBXBuildFile section */
		D3ECC8011AF9691D00781482 /* main.m in Sources */ = {isa = PBXBuildFile; fileRef = D3ECC8001AF9691D00781482 /* main.m */; };
		D3ECC8041AF9691D00781482 /* AppDelegate.m in Sources */ = {isa = PBXBuildFile; fileRef = D3ECC8031AF9691D00781482 /* AppDelegate.m */; };
		D3ECC8071AF9691D00781482 /* ViewController.m in Sources */ = {isa = PBXBuildFile; fileRef = D3ECC8061AF9691D00781482 /* ViewController.m */; };
		D3ECC80A1AF9691D00781482 /* Main.storyboard in Resources */ = {isa = PBXBuildFile; fileRef = D3ECC8081AF9691D00781482 /* Main.storyboard */; };
		D3ECC80C1AF9691D00781482 /* Images.xcassets in Resources */ = {isa = PBXBuildFile; fileRef = D3ECC80B1AF9691D00781482 /* Images.xcassets */; };
		D3ECC80F1AF9691D00781482 /* LaunchScreen.xib in Resources */ = {isa = PBXBuildFile; fileRef = D3ECC80D1AF9691D00781482 /* LaunchScreen.xib */; };
		D3ECC81B1AF9691D00781482 /* TableViewTestTests.m in Sources */ = {isa = PBXBuildFile; fileRef = D3ECC81A1AF9691D00781482 /* TableViewTestTests.m */; };
		D3ECC8371AF96B9F00781482 /* 1.jpg in Resources */ = {isa = PBXBuildFile; fileRef = D3ECC82D1AF96B9F00781482 /* 1.jpg */; };
		D3ECC8381AF96B9F00781482 /* 2.jpg in Resources */ = {isa = PBXBuildFile; fileRef = D3ECC82E1AF96B9F00781482 /* 2.jpg */; };
		D3ECC8391AF96B9F00781482 /* 3.jpg in Resources */ = {isa = PBXBuildFile; fileRef = D3ECC82F1AF96B9F00781482 /* 3.jpg */; };
		D3ECC83A1AF96B9F00781482 /* 4.jpg in Resources */ = {isa = PBXBuildFile; fileRef = D3ECC8301AF96B9F00781482 /* 4.jpg */; };
		D3ECC83B1AF96B9F00781482 /* 5.jpg in Resources */ = {isa = PBXBuildFile; fileRef = D3ECC8311AF96B9F00781482 /* 5.jpg */; };
		D3ECC83C1AF96B9F00781482 /* 6.jpg in Resources */ = {isa = PBXBuildFile; fileRef = D3ECC8321AF96B9F00781482 /* 6.jpg */; };
		D3ECC83D1AF96B9F00781482 /* 7.jpg in Resources */ = {isa = PBXBuildFile; fileRef = D3ECC8331AF96B9F00781482 /* 7.jpg */; };
		D3ECC83E1AF96B9F00781482 /* 8.jpg in Resources */ = {isa = PBXBuildFile; fileRef = D3ECC8341AF96B9F00781482 /* 8.jpg */; };
		D3ECC83F1AF96B9F00781482 /* 9.jpg in Resources */ = {isa = PBXBuildFile; fileRef = D3ECC8351AF96B9F00781482 /* 9.jpg */; };
		D3ECC8401AF96B9F00781482 /* 10.jpg in Resources */ = {isa = PBXBuildFile; fileRef = D3ECC8361AF96B9F00781482 /* 10.jpg */; };
		D3ECC8441AF96CAF00781482 /* TableViewController.m in Sources */ = {isa = PBXBuildFile; fileRef = D3ECC8431AF96CAF00781482 /* TableViewController.m */; };
		D3ECC8471AF9769500781482 /* User.m in Sources */ = {isa = PBXBuildFile; fileRef = D3ECC8461AF9769500781482 /* User.m */; };
		D3ECC84B1AF976B800781482 /* Media.m in Sources */ = {isa = PBXBuildFile; fileRef = D3ECC84A1AF976B800781482 /* Media.m */; };
		D3ECC84E1AF9773E00781482 /* Comment.m in Sources */ = {isa = PBXBuildFile; fileRef = D3ECC84D1AF9773E00781482 /* Comment.m */; };
		D3ECC8511AF977C200781482 /* DataSource.m in Sources */ = {isa = PBXBuildFile; fileRef = D3ECC8501AF977C200781482 /* DataSource.m */; };
		D3ECC8541AF97A5300781482 /* MediaTableViewCell.m in Sources */ = {isa = PBXBuildFile; fileRef = D3ECC8531AF97A5300781482 /* MediaTableViewCell.m */; };
		D3ECC8881AFEFD5800781482 /* ReadMe in Resources */ = {isa = PBXBuildFile; fileRef = D3ECC8871AFEFD5800781482 /* ReadMe */; };
/* End PBXBuildFile section */

/* Begin PBXContainerItemProxy section */
		D3ECC8151AF9691D00781482 /* PBXContainerItemProxy */ = {
			isa = PBXContainerItemProxy;
			containerPortal = D3ECC7F31AF9691D00781482 /* Project object */;
			proxyType = 1;
			remoteGlobalIDString = D3ECC7FA1AF9691D00781482;
			remoteInfo = TableViewTest;
		};
/* End PBXContainerItemProxy section */

/* Begin PBXFileReference section */
		D3ECC7FB1AF9691D00781482 /* TableViewTest.app */ = {isa = PBXFileReference; explicitFileType = wrapper.application; includeInIndex = 0; path = TableViewTest.app; sourceTree = BUILT_PRODUCTS_DIR; };
		D3ECC7FF1AF9691D00781482 /* Info.plist */ = {isa = PBXFileReference; lastKnownFileType = text.plist.xml; path = Info.plist; sourceTree = "<group>"; };
		D3ECC8001AF9691D00781482 /* main.m */ = {isa = PBXFileReference; lastKnownFileType = sourcecode.c.objc; path = main.m; sourceTree = "<group>"; };
		D3ECC8021AF9691D00781482 /* AppDelegate.h */ = {isa = PBXFileReference; lastKnownFileType = sourcecode.c.h; path = AppDelegate.h; sourceTree = "<group>"; };
		D3ECC8031AF9691D00781482 /* AppDelegate.m */ = {isa = PBXFileReference; lastKnownFileType = sourcecode.c.objc; path = AppDelegate.m; sourceTree = "<group>"; };
		D3ECC8051AF9691D00781482 /* ViewController.h */ = {isa = PBXFileReference; lastKnownFileType = sourcecode.c.h; path = ViewController.h; sourceTree = "<group>"; };
		D3ECC8061AF9691D00781482 /* ViewController.m */ = {isa = PBXFileReference; lastKnownFileType = sourcecode.c.objc; path = ViewController.m; sourceTree = "<group>"; };
		D3ECC8091AF9691D00781482 /* Base */ = {isa = PBXFileReference; lastKnownFileType = file.storyboard; name = Base; path = Base.lproj/Main.storyboard; sourceTree = "<group>"; };
		D3ECC80B1AF9691D00781482 /* Images.xcassets */ = {isa = PBXFileReference; lastKnownFileType = folder.assetcatalog; path = Images.xcassets; sourceTree = "<group>"; };
		D3ECC80E1AF9691D00781482 /* Base */ = {isa = PBXFileReference; lastKnownFileType = file.xib; name = Base; path = Base.lproj/LaunchScreen.xib; sourceTree = "<group>"; };
		D3ECC8141AF9691D00781482 /* TableViewTestTests.xctest */ = {isa = PBXFileReference; explicitFileType = wrapper.cfbundle; includeInIndex = 0; path = TableViewTestTests.xctest; sourceTree = BUILT_PRODUCTS_DIR; };
		D3ECC8191AF9691D00781482 /* Info.plist */ = {isa = PBXFileReference; lastKnownFileType = text.plist.xml; path = Info.plist; sourceTree = "<group>"; };
		D3ECC81A1AF9691D00781482 /* TableViewTestTests.m */ = {isa = PBXFileReference; lastKnownFileType = sourcecode.c.objc; path = TableViewTestTests.m; sourceTree = "<group>"; };
		D3ECC82D1AF96B9F00781482 /* 1.jpg */ = {isa = PBXFileReference; lastKnownFileType = image.jpeg; name = 1.jpg; path = ../1.jpg; sourceTree = "<group>"; };
		D3ECC82E1AF96B9F00781482 /* 2.jpg */ = {isa = PBXFileReference; lastKnownFileType = image.jpeg; name = 2.jpg; path = ../2.jpg; sourceTree = "<group>"; };
		D3ECC82F1AF96B9F00781482 /* 3.jpg */ = {isa = PBXFileReference; lastKnownFileType = image.jpeg; name = 3.jpg; path = ../3.jpg; sourceTree = "<group>"; };
		D3ECC8301AF96B9F00781482 /* 4.jpg */ = {isa = PBXFileReference; lastKnownFileType = image.jpeg; name = 4.jpg; path = ../4.jpg; sourceTree = "<group>"; };
		D3ECC8311AF96B9F00781482 /* 5.jpg */ = {isa = PBXFileReference; lastKnownFileType = image.jpeg; name = 5.jpg; path = ../5.jpg; sourceTree = "<group>"; };
		D3ECC8321AF96B9F00781482 /* 6.jpg */ = {isa = PBXFileReference; lastKnownFileType = image.jpeg; name = 6.jpg; path = ../6.jpg; sourceTree = "<group>"; };
		D3ECC8331AF96B9F00781482 /* 7.jpg */ = {isa = PBXFileReference; lastKnownFileType = image.jpeg; name = 7.jpg; path = ../7.jpg; sourceTree = "<group>"; };
		D3ECC8341AF96B9F00781482 /* 8.jpg */ = {isa = PBXFileReference; lastKnownFileType = image.jpeg; name = 8.jpg; path = ../8.jpg; sourceTree = "<group>"; };
		D3ECC8351AF96B9F00781482 /* 9.jpg */ = {isa = PBXFileReference; lastKnownFileType = image.jpeg; name = 9.jpg; path = ../9.jpg; sourceTree = "<group>"; };
		D3ECC8361AF96B9F00781482 /* 10.jpg */ = {isa = PBXFileReference; lastKnownFileType = image.jpeg; name = 10.jpg; path = ../10.jpg; sourceTree = "<group>"; };
		D3ECC8421AF96CAF00781482 /* TableViewController.h */ = {isa = PBXFileReference; fileEncoding = 4; lastKnownFileType = sourcecode.c.h; path = TableViewController.h; sourceTree = "<group>"; };
		D3ECC8431AF96CAF00781482 /* TableViewController.m */ = {isa = PBXFileReference; fileEncoding = 4; lastKnownFileType = sourcecode.c.objc; path = TableViewController.m; sourceTree = "<group>"; };
		D3ECC8451AF9769500781482 /* User.h */ = {isa = PBXFileReference; fileEncoding = 4; lastKnownFileType = sourcecode.c.h; path = User.h; sourceTree = "<group>"; };
		D3ECC8461AF9769500781482 /* User.m */ = {isa = PBXFileReference; fileEncoding = 4; lastKnownFileType = sourcecode.c.objc; path = User.m; sourceTree = "<group>"; };
		D3ECC8491AF976B800781482 /* Media.h */ = {isa = PBXFileReference; fileEncoding = 4; lastKnownFileType = sourcecode.c.h; path = Media.h; sourceTree = "<group>"; };
		D3ECC84A1AF976B800781482 /* Media.m */ = {isa = PBXFileReference; fileEncoding = 4; lastKnownFileType = sourcecode.c.objc; path = Media.m; sourceTree = "<group>"; };
		D3ECC84C1AF9773E00781482 /* Comment.h */ = {isa = PBXFileReference; fileEncoding = 4; lastKnownFileType = sourcecode.c.h; path = Comment.h; sourceTree = "<group>"; };
		D3ECC84D1AF9773E00781482 /* Comment.m */ = {isa = PBXFileReference; fileEncoding = 4; lastKnownFileType = sourcecode.c.objc; path = Comment.m; sourceTree = "<group>"; };
		D3ECC84F1AF977C200781482 /* DataSource.h */ = {isa = PBXFileReference; fileEncoding = 4; lastKnownFileType = sourcecode.c.h; path = DataSource.h; sourceTree = "<group>"; };
		D3ECC8501AF977C200781482 /* DataSource.m */ = {isa = PBXFileReference; fileEncoding = 4; lastKnownFileType = sourcecode.c.objc; path = DataSource.m; sourceTree = "<group>"; };
		D3ECC8521AF97A5300781482 /* MediaTableViewCell.h */ = {isa = PBXFileReference; fileEncoding = 4; lastKnownFileType = sourcecode.c.h; path = MediaTableViewCell.h; sourceTree = "<group>"; };
		D3ECC8531AF97A5300781482 /* MediaTableViewCell.m */ = {isa = PBXFileReference; fileEncoding = 4; lastKnownFileType = sourcecode.c.objc; path = MediaTableViewCell.m; sourceTree = "<group>"; };
		D3ECC8871AFEFD5800781482 /* ReadMe */ = {isa = PBXFileReference; fileEncoding = 4; lastKnownFileType = text; path = ReadMe; sourceTree = "<group>"; };
/* End PBXFileReference section */

/* Begin PBXFrameworksBuildPhase section */
		D3ECC7F81AF9691D00781482 /* Frameworks */ = {
			isa = PBXFrameworksBuildPhase;
			buildActionMask = 2147483647;
			files = (
			);
			runOnlyForDeploymentPostprocessing = 0;
		};
		D3ECC8111AF9691D00781482 /* Frameworks */ = {
			isa = PBXFrameworksBuildPhase;
			buildActionMask = 2147483647;
			files = (
			);
			runOnlyForDeploymentPostprocessing = 0;
		};
/* End PBXFrameworksBuildPhase section */

/* Begin PBXGroup section */
		D3ECC7F21AF9691D00781482 = {
			isa = PBXGroup;
			children = (
				D3ECC7FD1AF9691D00781482 /* TableViewTest */,
				D3ECC8171AF9691D00781482 /* TableViewTestTests */,
				D3ECC7FC1AF9691D00781482 /* Products */,
			);
			sourceTree = "<group>";
		};
		D3ECC7FC1AF9691D00781482 /* Products */ = {
			isa = PBXGroup;
			children = (
				D3ECC7FB1AF9691D00781482 /* TableViewTest.app */,
				D3ECC8141AF9691D00781482 /* TableViewTestTests.xctest */,
			);
			name = Products;
			sourceTree = "<group>";
		};
		D3ECC7FD1AF9691D00781482 /* TableViewTest */ = {
			isa = PBXGroup;
			children = (
				D3ECC8871AFEFD5800781482 /* ReadMe */,
				D3ECC8411AF96C6000781482 /* Images */,
				D3ECC8021AF9691D00781482 /* AppDelegate.h */,
				D3ECC8031AF9691D00781482 /* AppDelegate.m */,
				D3ECC8421AF96CAF00781482 /* TableViewController.h */,
				D3ECC8431AF96CAF00781482 /* TableViewController.m */,
				D3ECC8521AF97A5300781482 /* MediaTableViewCell.h */,
				D3ECC8531AF97A5300781482 /* MediaTableViewCell.m */,
				D3ECC8451AF9769500781482 /* User.h */,
				D3ECC8461AF9769500781482 /* User.m */,
				D3ECC8051AF9691D00781482 /* ViewController.h */,
				D3ECC8491AF976B800781482 /* Media.h */,
				D3ECC84A1AF976B800781482 /* Media.m */,
				D3ECC8061AF9691D00781482 /* ViewController.m */,
				D3ECC84C1AF9773E00781482 /* Comment.h */,
				D3ECC84D1AF9773E00781482 /* Comment.m */,
				D3ECC84F1AF977C200781482 /* DataSource.h */,
				D3ECC8501AF977C200781482 /* DataSource.m */,
				D3ECC8081AF9691D00781482 /* Main.storyboard */,
				D3ECC80B1AF9691D00781482 /* Images.xcassets */,
				D3ECC80D1AF9691D00781482 /* LaunchScreen.xib */,
				D3ECC7FE1AF9691D00781482 /* Supporting Files */,
			);
			path = TableViewTest;
			sourceTree = "<group>";
		};
		D3ECC7FE1AF9691D00781482 /* Supporting Files */ = {
			isa = PBXGroup;
			children = (
				D3ECC7FF1AF9691D00781482 /* Info.plist */,
				D3ECC8001AF9691D00781482 /* main.m */,
			);
			name = "Supporting Files";
			sourceTree = "<group>";
		};
		D3ECC8171AF9691D00781482 /* TableViewTestTests */ = {
			isa = PBXGroup;
			children = (
				D3ECC81A1AF9691D00781482 /* TableViewTestTests.m */,
				D3ECC8181AF9691D00781482 /* Supporting Files */,
			);
			path = TableViewTestTests;
			sourceTree = "<group>";
		};
		D3ECC8181AF9691D00781482 /* Supporting Files */ = {
			isa = PBXGroup;
			children = (
				D3ECC8191AF9691D00781482 /* Info.plist */,
			);
			name = "Supporting Files";
			sourceTree = "<group>";
		};
		D3ECC8411AF96C6000781482 /* Images */ = {
			isa = PBXGroup;
			children = (
				D3ECC82D1AF96B9F00781482 /* 1.jpg */,
				D3ECC82E1AF96B9F00781482 /* 2.jpg */,
				D3ECC82F1AF96B9F00781482 /* 3.jpg */,
				D3ECC8301AF96B9F00781482 /* 4.jpg */,
				D3ECC8311AF96B9F00781482 /* 5.jpg */,
				D3ECC8321AF96B9F00781482 /* 6.jpg */,
				D3ECC8331AF96B9F00781482 /* 7.jpg */,
				D3ECC8341AF96B9F00781482 /* 8.jpg */,
				D3ECC8351AF96B9F00781482 /* 9.jpg */,
				D3ECC8361AF96B9F00781482 /* 10.jpg */,
			);
			name = Images;
			sourceTree = "<group>";
		};
/* End PBXGroup section */

/* Begin PBXNativeTarget section */
		D3ECC7FA1AF9691D00781482 /* TableViewTest */ = {
			isa = PBXNativeTarget;
			buildConfigurationList = D3ECC81E1AF9691D00781482 /* Build configuration list for PBXNativeTarget "TableViewTest" */;
			buildPhases = (
				D3ECC7F71AF9691D00781482 /* Sources */,
				D3ECC7F81AF9691D00781482 /* Frameworks */,
				D3ECC7F91AF9691D00781482 /* Resources */,
			);
			buildRules = (
			);
			dependencies = (
			);
			name = TableViewTest;
			productName = TableViewTest;
			productReference = D3ECC7FB1AF9691D00781482 /* TableViewTest.app */;
			productType = "com.apple.product-type.application";
		};
		D3ECC8131AF9691D00781482 /* TableViewTestTests */ = {
			isa = PBXNativeTarget;
			buildConfigurationList = D3ECC8211AF9691D00781482 /* Build configuration list for PBXNativeTarget "TableViewTestTests" */;
			buildPhases = (
				D3ECC8101AF9691D00781482 /* Sources */,
				D3ECC8111AF9691D00781482 /* Frameworks */,
				D3ECC8121AF9691D00781482 /* Resources */,
			);
			buildRules = (
			);
			dependencies = (
				D3ECC8161AF9691D00781482 /* PBXTargetDependency */,
			);
			name = TableViewTestTests;
			productName = TableViewTestTests;
			productReference = D3ECC8141AF9691D00781482 /* TableViewTestTests.xctest */;
			productType = "com.apple.product-type.bundle.unit-test";
		};
/* End PBXNativeTarget section */

/* Begin PBXProject section */
		D3ECC7F31AF9691D00781482 /* Project object */ = {
			isa = PBXProject;
			attributes = {
				LastUpgradeCheck = 0630;
				ORGANIZATIONNAME = "Peter Scheyer";
				TargetAttributes = {
					D3ECC7FA1AF9691D00781482 = {
						CreatedOnToolsVersion = 6.3.1;
					};
					D3ECC8131AF9691D00781482 = {
						CreatedOnToolsVersion = 6.3.1;
						TestTargetID = D3ECC7FA1AF9691D00781482;
					};
				};
			};
			buildConfigurationList = D3ECC7F61AF9691D00781482 /* Build configuration list for PBXProject "TableViewTest" */;
			compatibilityVersion = "Xcode 3.2";
			developmentRegion = English;
			hasScannedForEncodings = 0;
			knownRegions = (
				en,
				Base,
			);
			mainGroup = D3ECC7F21AF9691D00781482;
			productRefGroup = D3ECC7FC1AF9691D00781482 /* Products */;
			projectDirPath = "";
			projectRoot = "";
			targets = (
				D3ECC7FA1AF9691D00781482 /* TableViewTest */,
				D3ECC8131AF9691D00781482 /* TableViewTestTests */,
			);
		};
/* End PBXProject section */

/* Begin PBXResourcesBuildPhase section */
		D3ECC7F91AF9691D00781482 /* Resources */ = {
			isa = PBXResourcesBuildPhase;
			buildActionMask = 2147483647;
			files = (
				D3ECC8401AF96B9F00781482 /* 10.jpg in Resources */,
				D3ECC83E1AF96B9F00781482 /* 8.jpg in Resources */,
				D3ECC83C1AF96B9F00781482 /* 6.jpg in Resources */,
				D3ECC80A1AF9691D00781482 /* Main.storyboard in Resources */,
				D3ECC83B1AF96B9F00781482 /* 5.jpg in Resources */,
				D3ECC83A1AF96B9F00781482 /* 4.jpg in Resources */,
				D3ECC8371AF96B9F00781482 /* 1.jpg in Resources */,
				D3ECC8381AF96B9F00781482 /* 2.jpg in Resources */,
				D3ECC8391AF96B9F00781482 /* 3.jpg in Resources */,
				D3ECC83D1AF96B9F00781482 /* 7.jpg in Resources */,
				D3ECC83F1AF96B9F00781482 /* 9.jpg in Resources */,
				D3ECC80F1AF9691D00781482 /* LaunchScreen.xib in Resources */,
				D3ECC8881AFEFD5800781482 /* ReadMe in Resources */,
				D3ECC80C1AF9691D00781482 /* Images.xcassets in Resources */,
			);
			runOnlyForDeploymentPostprocessing = 0;
		};
		D3ECC8121AF9691D00781482 /* Resources */ = {
			isa = PBXResourcesBuildPhase;
			buildActionMask = 2147483647;
			files = (
			);
			runOnlyForDeploymentPostprocessing = 0;
		};
/* End PBXResourcesBuildPhase section */

/* Begin PBXSourcesBuildPhase section */
		D3ECC7F71AF9691D00781482 /* Sources */ = {
			isa = PBXSourcesBuildPhase;
			buildActionMask = 2147483647;
			files = (
				D3ECC84E1AF9773E00781482 /* Comment.m in Sources */,
				D3ECC84B1AF976B800781482 /* Media.m in Sources */,
				D3ECC8541AF97A5300781482 /* MediaTableViewCell.m in Sources */,
				D3ECC8511AF977C200781482 /* DataSource.m in Sources */,
				D3ECC8471AF9769500781482 /* User.m in Sources */,
				D3ECC8071AF9691D00781482 /* ViewController.m in Sources */,
				D3ECC8041AF9691D00781482 /* AppDelegate.m in Sources */,
				D3ECC8011AF9691D00781482 /* main.m in Sources */,
				D3ECC8441AF96CAF00781482 /* TableViewController.m in Sources */,
			);
			runOnlyForDeploymentPostprocessing = 0;
		};
		D3ECC8101AF9691D00781482 /* Sources */ = {
			isa = PBXSourcesBuildPhase;
			buildActionMask = 2147483647;
			files = (
				D3ECC81B1AF9691D00781482 /* TableViewTestTests.m in Sources */,
			);
			runOnlyForDeploymentPostprocessing = 0;
		};
/* End PBXSourcesBuildPhase section */

/* Begin PBXTargetDependency section */
		D3ECC8161AF9691D00781482 /* PBXTargetDependency */ = {
			isa = PBXTargetDependency;
			target = D3ECC7FA1AF9691D00781482 /* TableViewTest */;
			targetProxy = D3ECC8151AF9691D00781482 /* PBXContainerItemProxy */;
		};
/* End PBXTargetDependency section */

/* Begin PBXVariantGroup section */
		D3ECC8081AF9691D00781482 /* Main.storyboard */ = {
			isa = PBXVariantGroup;
			children = (
				D3ECC8091AF9691D00781482 /* Base */,
			);
			name = Main.storyboard;
			sourceTree = "<group>";
		};
		D3ECC80D1AF9691D00781482 /* LaunchScreen.xib */ = {
			isa = PBXVariantGroup;
			children = (
				D3ECC80E1AF9691D00781482 /* Base */,
			);
			name = LaunchScreen.xib;
			sourceTree = "<group>";
		};
/* End PBXVariantGroup section */

/* Begin XCBuildConfiguration section */
		D3ECC81C1AF9691D00781482 /* Debug */ = {
			isa = XCBuildConfiguration;
			buildSettings = {
				ALWAYS_SEARCH_USER_PATHS = NO;
				CLANG_CXX_LANGUAGE_STANDARD = "gnu++0x";
				CLANG_CXX_LIBRARY = "libc++";
				CLANG_ENABLE_MODULES = YES;
				CLANG_ENABLE_OBJC_ARC = YES;
				CLANG_WARN_BOOL_CONVERSION = YES;
				CLANG_WARN_CONSTANT_CONVERSION = YES;
				CLANG_WARN_DIRECT_OBJC_ISA_USAGE = YES_ERROR;
				CLANG_WARN_EMPTY_BODY = YES;
				CLANG_WARN_ENUM_CONVERSION = YES;
				CLANG_WARN_INT_CONVERSION = YES;
				CLANG_WARN_OBJC_ROOT_CLASS = YES_ERROR;
				CLANG_WARN_UNREACHABLE_CODE = YES;
				CLANG_WARN__DUPLICATE_METHOD_MATCH = YES;
				"CODE_SIGN_IDENTITY[sdk=iphoneos*]" = "iPhone Developer";
				COPY_PHASE_STRIP = NO;
				DEBUG_INFORMATION_FORMAT = "dwarf-with-dsym";
				ENABLE_STRICT_OBJC_MSGSEND = YES;
				GCC_C_LANGUAGE_STANDARD = gnu99;
				GCC_DYNAMIC_NO_PIC = NO;
				GCC_NO_COMMON_BLOCKS = YES;
				GCC_OPTIMIZATION_LEVEL = 0;
				GCC_PREPROCESSOR_DEFINITIONS = (
					"DEBUG=1",
					"$(inherited)",
				);
				GCC_SYMBOLS_PRIVATE_EXTERN = NO;
				GCC_WARN_64_TO_32_BIT_CONVERSION = YES;
				GCC_WARN_ABOUT_RETURN_TYPE = YES_ERROR;
				GCC_WARN_UNDECLARED_SELECTOR = YES;
				GCC_WARN_UNINITIALIZED_AUTOS = YES_AGGRESSIVE;
				GCC_WARN_UNUSED_FUNCTION = YES;
				GCC_WARN_UNUSED_VARIABLE = YES;
				IPHONEOS_DEPLOYMENT_TARGET = 8.3;
				MTL_ENABLE_DEBUG_INFO = YES;
				ONLY_ACTIVE_ARCH = YES;
				SDKROOT = iphoneos;
			};
			name = Debug;
		};
		D3ECC81D1AF9691D00781482 /* Release */ = {
			isa = XCBuildConfiguration;
			buildSettings = {
				ALWAYS_SEARCH_USER_PATHS = NO;
				CLANG_CXX_LANGUAGE_STANDARD = "gnu++0x";
				CLANG_CXX_LIBRARY = "libc++";
				CLANG_ENABLE_MODULES = YES;
				CLANG_ENABLE_OBJC_ARC = YES;
				CLANG_WARN_BOOL_CONVERSION = YES;
				CLANG_WARN_CONSTANT_CONVERSION = YES;
				CLANG_WARN_DIRECT_OBJC_ISA_USAGE = YES_ERROR;
				CLANG_WARN_EMPTY_BODY = YES;
				CLANG_WARN_ENUM_CONVERSION = YES;
				CLANG_WARN_INT_CONVERSION = YES;
				CLANG_WARN_OBJC_ROOT_CLASS = YES_ERROR;
				CLANG_WARN_UNREACHABLE_CODE = YES;
				CLANG_WARN__DUPLICATE_METHOD_MATCH = YES;
				"CODE_SIGN_IDENTITY[sdk=iphoneos*]" = "iPhone Developer";
				COPY_PHASE_STRIP = NO;
				DEBUG_INFORMATION_FORMAT = "dwarf-with-dsym";
				ENABLE_NS_ASSERTIONS = NO;
				ENABLE_STRICT_OBJC_MSGSEND = YES;
				GCC_C_LANGUAGE_STANDARD = gnu99;
				GCC_NO_COMMON_BLOCKS = YES;
				GCC_WARN_64_TO_32_BIT_CONVERSION = YES;
				GCC_WARN_ABOUT_RETURN_TYPE = YES_ERROR;
				GCC_WARN_UNDECLARED_SELECTOR = YES;
				GCC_WARN_UNINITIALIZED_AUTOS = YES_AGGRESSIVE;
				GCC_WARN_UNUSED_FUNCTION = YES;
				GCC_WARN_UNUSED_VARIABLE = YES;
				IPHONEOS_DEPLOYMENT_TARGET = 8.3;
				MTL_ENABLE_DEBUG_INFO = NO;
				SDKROOT = iphoneos;
				VALIDATE_PRODUCT = YES;
			};
			name = Release;
		};
		D3ECC81F1AF9691D00781482 /* Debug */ = {
			isa = XCBuildConfiguration;
			buildSettings = {
				ASSETCATALOG_COMPILER_APPICON_NAME = AppIcon;
				INFOPLIST_FILE = TableViewTest/Info.plist;
				LD_RUNPATH_SEARCH_PATHS = "$(inherited) @executable_path/Frameworks";
				PRODUCT_NAME = "$(TARGET_NAME)";
			};
			name = Debug;
		};
		D3ECC8201AF9691D00781482 /* Release */ = {
			isa = XCBuildConfiguration;
			buildSettings = {
				ASSETCATALOG_COMPILER_APPICON_NAME = AppIcon;
				INFOPLIST_FILE = TableViewTest/Info.plist;
				LD_RUNPATH_SEARCH_PATHS = "$(inherited) @executable_path/Frameworks";
				PRODUCT_NAME = "$(TARGET_NAME)";
			};
			name = Release;
		};
		D3ECC8221AF9691D00781482 /* Debug */ = {
			isa = XCBuildConfiguration;
			buildSettings = {
				BUNDLE_LOADER = "$(TEST_HOST)";
				FRAMEWORK_SEARCH_PATHS = (
					"$(SDKROOT)/Developer/Library/Frameworks",
					"$(inherited)",
				);
				GCC_PREPROCESSOR_DEFINITIONS = (
					"DEBUG=1",
					"$(inherited)",
				);
				INFOPLIST_FILE = TableViewTestTests/Info.plist;
				LD_RUNPATH_SEARCH_PATHS = "$(inherited) @executable_path/Frameworks @loader_path/Frameworks";
				PRODUCT_NAME = "$(TARGET_NAME)";
				TEST_HOST = "$(BUILT_PRODUCTS_DIR)/TableViewTest.app/TableViewTest";
			};
			name = Debug;
		};
		D3ECC8231AF9691D00781482 /* Release */ = {
			isa = XCBuildConfiguration;
			buildSettings = {
				BUNDLE_LOADER = "$(TEST_HOST)";
				FRAMEWORK_SEARCH_PATHS = (
					"$(SDKROOT)/Developer/Library/Frameworks",
					"$(inherited)",
				);
				INFOPLIST_FILE = TableViewTestTests/Info.plist;
				LD_RUNPATH_SEARCH_PATHS = "$(inherited) @executable_path/Frameworks @loader_path/Frameworks";
				PRODUCT_NAME = "$(TARGET_NAME)";
				TEST_HOST = "$(BUILT_PRODUCTS_DIR)/TableViewTest.app/TableViewTest";
			};
			name = Release;
		};
/* End XCBuildConfiguration section */

/* Begin XCConfigurationList section */
		D3ECC7F61AF9691D00781482 /* Build configuration list for PBXProject "TableViewTest" */ = {
			isa = XCConfigurationList;
			buildConfigurations = (
				D3ECC81C1AF9691D00781482 /* Debug */,
				D3ECC81D1AF9691D00781482 /* Release */,
			);
			defaultConfigurationIsVisible = 0;
			defaultConfigurationName = Release;
		};
		D3ECC81E1AF9691D00781482 /* Build configuration list for PBXNativeTarget "TableViewTest" */ = {
			isa = XCConfigurationList;
			buildConfigurations = (
				D3ECC81F1AF9691D00781482 /* Debug */,
				D3ECC8201AF9691D00781482 /* Release */,
			);
			defaultConfigurationIsVisible = 0;
		};
		D3ECC8211AF9691D00781482 /* Build configuration list for PBXNativeTarget "TableViewTestTests" */ = {
			isa = XCConfigurationList;
			buildConfigurations = (
				D3ECC8221AF9691D00781482 /* Debug */,
				D3ECC8231AF9691D00781482 /* Release */,
			);
			defaultConfigurationIsVisible = 0;
		};
/* End XCConfigurationList section */
	};
	rootObject = D3ECC7F31AF9691D00781482 /* Project object */;
}
